
Microsoft Visual Studio Solution File, Format Version 12.00
# Visual Studio Version 17
VisualStudioVersion = 17.7.34031.279
MinimumVisualStudioVersion = 10.0.40219.1
Project("{FAE04EC0-301F-11D3-BF4B-00C04F79EFBC}") = "ISAAC PROGRAMACION 2B 1.1", "ISAAC PROGRAMACION 2B 1.1.csproj", "{0BAEA208-088D-4C6A-9B6E-15FA58AEA28B}"
EndProject
Global
	GlobalSection(SolutionConfigurationPlatforms) = preSolution
		Debug|Any CPU = Debug|Any CPU
		Release|Any CPU = Release|Any CPU
	EndGlobalSection
	GlobalSection(ProjectConfigurationPlatforms) = postSolution
		{0BAEA208-088D-4C6A-9B6E-15FA58AEA28B}.Debug|Any CPU.ActiveCfg = Debug|Any CPU
		{0BAEA208-088D-4C6A-9B6E-15FA58AEA28B}.Debug|Any CPU.Build.0 = Debug|Any CPU
		{0BAEA208-088D-4C6A-9B6E-15FA58AEA28B}.Release|Any CPU.ActiveCfg = Release|Any CPU
		{0BAEA208-088D-4C6A-9B6E-15FA58AEA28B}.Release|Any CPU.Build.0 = Release|Any CPU
	EndGlobalSection
	GlobalSection(SolutionProperties) = preSolution
		HideSolutionNode = FALSE
	EndGlobalSection
	GlobalSection(ExtensibilityGlobals) = postSolution
		SolutionGuid = {0C305C4C-A949-44F6-8A87-6B0DF7FA2DD0}
	EndGlobalSection
EndGlobal
