
Microsoft Visual Studio Solution File, Format Version 12.00
# Visual Studio Version 17
VisualStudioVersion = 17.7.34031.279
MinimumVisualStudioVersion = 10.0.40219.1
Project("{FAE04EC0-301F-11D3-BF4B-00C04F79EFBC}") = "isaac 3.2", "isaac 3.2.csproj", "{5DFDBEEF-28C0-4B89-9683-67414B4374FB}"
EndProject
Global
	GlobalSection(SolutionConfigurationPlatforms) = preSolution
		Debug|Any CPU = Debug|Any CPU
		Release|Any CPU = Release|Any CPU
	EndGlobalSection
	GlobalSection(ProjectConfigurationPlatforms) = postSolution
		{5DFDBEEF-28C0-4B89-9683-67414B4374FB}.Debug|Any CPU.ActiveCfg = Debug|Any CPU
		{5DFDBEEF-28C0-4B89-9683-67414B4374FB}.Debug|Any CPU.Build.0 = Debug|Any CPU
		{5DFDBEEF-28C0-4B89-9683-67414B4374FB}.Release|Any CPU.ActiveCfg = Release|Any CPU
		{5DFDBEEF-28C0-4B89-9683-67414B4374FB}.Release|Any CPU.Build.0 = Release|Any CPU
	EndGlobalSection
	GlobalSection(SolutionProperties) = preSolution
		HideSolutionNode = FALSE
	EndGlobalSection
	GlobalSection(ExtensibilityGlobals) = postSolution
		SolutionGuid = {9AEAE1EE-7C39-4A90-8F0F-E7F8DB3944A6}
	EndGlobalSection
EndGlobal
